[[package]]
category = "main"
description = "The AWS SDK for Python"
name = "boto3"
optional = false
python-versions = ">= 3.6"
version = "1.18.61"

[package.dependencies]
botocore = ">=1.21.61,<1.22.0"
jmespath = ">=0.7.1,<1.0.0"
s3transfer = ">=0.5.0,<0.6.0"

[package.extras]
crt = ["botocore (>=1.21.0,<2.0a0)"]

[[package]]
category = "main"
description = "Low-level, data-driven core of boto 3."
name = "botocore"
optional = false
python-versions = ">= 3.6"
version = "1.21.61"

[package.dependencies]
jmespath = ">=0.7.1,<1.0.0"
python-dateutil = ">=2.1,<3.0.0"
urllib3 = ">=1.25.4,<1.27"

[package.extras]
crt = ["awscrt (0.11.24)"]

[[package]]
category = "main"
description = "Python package for providing Mozilla's CA Bundle."
name = "certifi"
optional = false
python-versions = "*"
version = "2021.10.8"

[[package]]
category = "main"
description = "The Real First Universal Charset Detector. Open, modern and actively maintained alternative to Chardet."
marker = "python_version >= \"3\""
name = "charset-normalizer"
optional = false
python-versions = ">=3.5.0"
version = "2.0.7"

[package.extras]
unicode_backport = ["unicodedata2"]

[[package]]
category = "dev"
description = "An implementation of the Debug Adapter Protocol for Python"
name = "debugpy"
optional = false
python-versions = ">=2.7,!=3.0.*,!=3.1.*,!=3.2.*,!=3.3.*,!=3.4.*"
version = "1.5.0"

[[package]]
category = "main"
description = "Internationalized Domain Names in Applications (IDNA)"
marker = "python_version >= \"3\""
name = "idna"
optional = false
python-versions = ">=3.5"
version = "3.3"

[[package]]
category = "main"
description = "JSON Matching Expressions"
name = "jmespath"
optional = false
python-versions = ">=2.6, !=3.0.*, !=3.1.*, !=3.2.*"
version = "0.10.0"

[[package]]
category = "main"
description = "Extensions to the standard Python datetime module"
name = "python-dateutil"
optional = false
python-versions = "!=3.0.*,!=3.1.*,!=3.2.*,>=2.7"
version = "2.8.2"

[package.dependencies]
six = ">=1.5"

[[package]]
category = "main"
description = "Python HTTP for Humans."
name = "requests"
optional = false
python-versions = ">=2.7, !=3.0.*, !=3.1.*, !=3.2.*, !=3.3.*, !=3.4.*, !=3.5.*"
version = "2.26.0"

[package.dependencies]
certifi = ">=2017.4.17"
urllib3 = ">=1.21.1,<1.27"

[package.dependencies.charset-normalizer]
python = ">=3"
version = ">=2.0.0,<2.1.0"

[package.dependencies.idna]
python = ">=3"
version = ">=2.5,<4"

[package.extras]
socks = ["PySocks (>=1.5.6,<1.5.7 || >1.5.7)", "win-inet-pton"]
use_chardet_on_py3 = ["chardet (>=3.0.2,<5)"]

[[package]]
category = "main"
description = "An Amazon S3 Transfer Manager"
name = "s3transfer"
optional = false
python-versions = ">= 3.6"
version = "0.5.0"

[package.dependencies]
botocore = ">=1.12.36,<2.0a.0"

[package.extras]
crt = ["botocore (>=1.20.29,<2.0a.0)"]

[[package]]
category = "main"
description = "Python 2 and 3 compatibility utilities"
name = "six"
optional = false
python-versions = ">=2.7, !=3.0.*, !=3.1.*, !=3.2.*"
version = "1.16.0"

[[package]]
category = "main"
description = "HTTP library with thread-safe connection pooling, file post, and more."
name = "urllib3"
optional = false
python-versions = ">=2.7, !=3.0.*, !=3.1.*, !=3.2.*, !=3.3.*, !=3.4.*, <4"
version = "1.26.7"

[package.extras]
brotli = ["brotlipy (>=0.6.0)"]
secure = ["pyOpenSSL (>=0.14)", "cryptography (>=1.3.4)", "idna (>=2.0.0)", "certifi", "ipaddress"]
socks = ["PySocks (>=1.5.6,<1.5.7 || >1.5.7,<2.0)"]

[metadata]
content-hash = "cdbaa90e72ff5fbd5cf2024280508835ce6fb6d6ee5bd9c0f1aefe18cccd47a5"
python-versions = "^3.8"

[metadata.files]
boto3 = [
    {file = "boto3-1.18.61-py3-none-any.whl", hash = "sha256:d2a8f8cd0a53093b2f1ab5a4b233533f1aa04e751209266597a05f50a46f6683"},
    {file = "boto3-1.18.61.tar.gz", hash = "sha256:08dc897299ecc9eef6df3cd296864154dfbc9f78edb8995b93258b59d747cbdc"},
]
botocore = [
    {file = "botocore-1.21.61-py3-none-any.whl", hash = "sha256:eda50985c229b01c7de6f0a0ccb561dfa52ded06c8c59044f624133a33357b94"},
    {file = "botocore-1.21.61.tar.gz", hash = "sha256:92ae0ca56a6582bddf42aca199ac3f67579910860bcd86166ae10f7a83f8841b"},
]
certifi = [
    {file = "certifi-2021.10.8-py2.py3-none-any.whl", hash = "sha256:d62a0163eb4c2344ac042ab2bdf75399a71a2d8c7d47eac2e2ee91b9d6339569"},
    {file = "certifi-2021.10.8.tar.gz", hash = "sha256:78884e7c1d4b00ce3cea67b44566851c4343c120abd683433ce934a68ea58872"},
]
charset-normalizer = [
    {file = "charset-normalizer-2.0.7.tar.gz", hash = "sha256:e019de665e2bcf9c2b64e2e5aa025fa991da8720daa3c1138cadd2fd1856aed0"},
    {file = "charset_normalizer-2.0.7-py3-none-any.whl", hash = "sha256:f7af805c321bfa1ce6714c51f254e0d5bb5e5834039bc17db7ebe3a4cec9492b"},
]
debugpy = [
    {file = "debugpy-1.5.0-cp310-cp310-manylinux_2_5_x86_64.manylinux1_x86_64.manylinux_2_12_x86_64.manylinux2010_x86_64.whl", hash = "sha256:098753d30232d1e4264eee37e1ddd5d106dc5c4bc6d8d7f4dadad9e44736cd48"},
    {file = "debugpy-1.5.0-cp310-cp310-win32.whl", hash = "sha256:33e8a9b4949be8b4f5fcfff07e24bd63c565060659f1c79773c08d19eee012f2"},
    {file = "debugpy-1.5.0-cp310-cp310-win_amd64.whl", hash = "sha256:ef71eb8eb276370f8e74ab3f8c7648bbdc9aabac814a5b2840c8dd38a7bc7251"},
    {file = "debugpy-1.5.0-cp36-cp36m-macosx_10_15_x86_64.whl", hash = "sha256:dd0e8d5e099444c22b27511dafd48e8bdcd7051b811ddd0ab2062965fe36ac80"},
    {file = "debugpy-1.5.0-cp36-cp36m-manylinux_2_5_x86_64.manylinux1_x86_64.manylinux_2_12_x86_64.manylinux2010_x86_64.whl", hash = "sha256:990228f15de4ccbc52c2accf41a63b3b8d0a01e3de9876e02e77e487c4b1ffab"},
    {file = "debugpy-1.5.0-cp36-cp36m-win32.whl", hash = "sha256:77b5233b23a248cd930bf03ecd684da065c6e7d2a57d137516b6fa1698a58317"},
    {file = "debugpy-1.5.0-cp36-cp36m-win_amd64.whl", hash = "sha256:c3184666cfe1768bf110f8075bafea59d2afce3cc54f4c501f2371c7238bc69d"},
    {file = "debugpy-1.5.0-cp37-cp37m-macosx_10_15_x86_64.whl", hash = "sha256:1283e418f595262d11abc5fae6a3ac629c5fc3b44d3988511ea755414aab3062"},
    {file = "debugpy-1.5.0-cp37-cp37m-manylinux_2_5_x86_64.manylinux1_x86_64.manylinux_2_12_x86_64.manylinux2010_x86_64.whl", hash = "sha256:a03051ba4fdf6720ee83a42e9f803e3a0b69a48b00436b97d16aeda49d28a8bf"},
    {file = "debugpy-1.5.0-cp37-cp37m-win32.whl", hash = "sha256:cdaf6baaf8176644e752aed321b3f810dcf8b0439709f7edd9ae542f849a639b"},
    {file = "debugpy-1.5.0-cp37-cp37m-win_amd64.whl", hash = "sha256:be7ca2baef5a634dfbd086d9c1d6b5e0783c6d0f6d0a004b43d36f625d4fc0a9"},
    {file = "debugpy-1.5.0-cp38-cp38-macosx_10_15_x86_64.whl", hash = "sha256:72093ea83226d5264b3697b948c07a3cfcc4953da14a78a50c4e623a2bb99ad8"},
    {file = "debugpy-1.5.0-cp38-cp38-manylinux_2_5_x86_64.manylinux1_x86_64.manylinux_2_12_x86_64.manylinux2010_x86_64.whl", hash = "sha256:ce0794d50391c87813bb148548c34dc638fb4d58198d275334968f63c088aa69"},
    {file = "debugpy-1.5.0-cp38-cp38-win32.whl", hash = "sha256:de56775b3dbbfc02bc9fb0682da4a960e0a5bada699eac5e22e0723c4107ec9f"},
    {file = "debugpy-1.5.0-cp38-cp38-win_amd64.whl", hash = "sha256:82c4fa1293981a28c435d196a3714e06df761daff0da3336234475ceff1b042c"},
    {file = "debugpy-1.5.0-cp39-cp39-macosx_10_15_x86_64.whl", hash = "sha256:8e7391a08a351adce6e5154ed35e4cf90c5f3c10dbf7c8f6a234faef300588d6"},
    {file = "debugpy-1.5.0-cp39-cp39-manylinux_2_5_x86_64.manylinux1_x86_64.manylinux_2_12_x86_64.manylinux2010_x86_64.whl", hash = "sha256:dacdb0a3377063d638bd8736c80b7274ae341ce778fec0f883ef1cbb79538bf2"},
    {file = "debugpy-1.5.0-cp39-cp39-win32.whl", hash = "sha256:fda623aa1036b34d554a1225a09cae6bf02b06c0ad903a9f0b8ac3cb74eddc15"},
    {file = "debugpy-1.5.0-cp39-cp39-win_amd64.whl", hash = "sha256:9f3bed64027bd80a8fe1f35491ec0ec2d2c85f1e63dac7c0311e400bfe58cf05"},
    {file = "debugpy-1.5.0-py2.py3-none-any.whl", hash = "sha256:f058c204341fd7ff800ee0edafc106ca0fb1c9857e8a8895a6e04cca3ddcb7bf"},
    {file = "debugpy-1.5.0.zip", hash = "sha256:86febd61fc351cee926060eef008e242b7259957d71d25eef82860d0cc59b4dc"},
]
idna = [
    {file = "idna-3.3-py3-none-any.whl", hash = "sha256:84d9dd047ffa80596e0f246e2eab0b391788b0503584e8945f2368256d2735ff"},
    {file = "idna-3.3.tar.gz", hash = "sha256:9d643ff0a55b762d5cdb124b8eaa99c66322e2157b69160bc32796e824360e6d"},
]
jmespath = [
    {file = "jmespath-0.10.0-py2.py3-none-any.whl", hash = "sha256:cdf6525904cc597730141d61b36f2e4b8ecc257c420fa2f4549bac2c2d0cb72f"},
    {file = "jmespath-0.10.0.tar.gz", hash = "sha256:b85d0567b8666149a93172712e68920734333c0ce7e89b78b3e987f71e5ed4f9"},
]
python-dateutil = [
    {file = "python-dateutil-2.8.2.tar.gz", hash = "sha256:0123cacc1627ae19ddf3c27a5de5bd67ee4586fbdd6440d9748f8abb483d3e86"},
    {file = "python_dateutil-2.8.2-py2.py3-none-any.whl", hash = "sha256:961d03dc3453ebbc59dbdea9e4e11c5651520a876d0f4db161e8674aae935da9"},
]
requests = [
    {file = "requests-2.26.0-py2.py3-none-any.whl", hash = "sha256:6c1246513ecd5ecd4528a0906f910e8f0f9c6b8ec72030dc9fd154dc1a6efd24"},
    {file = "requests-2.26.0.tar.gz", hash = "sha256:b8aa58f8cf793ffd8782d3d8cb19e66ef36f7aba4353eec859e74678b01b07a7"},
]
s3transfer = [
    {file = "s3transfer-0.5.0-py3-none-any.whl", hash = "sha256:9c1dc369814391a6bda20ebbf4b70a0f34630592c9aa520856bf384916af2803"},
    {file = "s3transfer-0.5.0.tar.gz", hash = "sha256:50ed823e1dc5868ad40c8dc92072f757aa0e653a192845c94a3b676f4a62da4c"},
]
six = [
    {file = "six-1.16.0-py2.py3-none-any.whl", hash = "sha256:8abb2f1d86890a2dfb989f9a77cfcfd3e47c2a354b01111771326f8aa26e0254"},
    {file = "six-1.16.0.tar.gz", hash = "sha256:1e61c37477a1626458e36f7b1d82aa5c9b094fa4802892072e49de9c60c4c926"},
]
urllib3 = [
    {file = "urllib3-1.26.7-py2.py3-none-any.whl", hash = "sha256:c4fdf4019605b6e5423637e01bc9fe4daef873709a7973e195ceba0a62bbc844"},
    {file = "urllib3-1.26.7.tar.gz", hash = "sha256:4987c65554f7a2dbf30c18fd48778ef124af6fab771a377103da0585e2336ece"},
]
